
Microsoft Visual Studio Solution File, Format Version 12.00
# Visual Studio Version 17
VisualStudioVersion = 17.4.33110.190
MinimumVisualStudioVersion = 10.0.40219.1
Project("{FAE04EC0-301F-11D3-BF4B-00C04F79EFBC}") = "BelleBoucheeConsoleApp", "BelleBoucheeConsoleApp\BelleBoucheeConsoleApp.csproj", "{30920B9F-3D10-4E0E-BFDE-EB8EA4B9BAD9}"
EndProject
Project("{FAE04EC0-301F-11D3-BF4B-00C04F79EFBC}") = "BelleBoucheeTestProject", "BelleBoucheeTestProject\BelleBoucheeTestProject.csproj", "{6A59AC5A-6752-4CCC-82AE-014A160F6684}"
EndProject
Global
	GlobalSection(SolutionConfigurationPlatforms) = preSolution
		Debug|Any CPU = Debug|Any CPU
		Release|Any CPU = Release|Any CPU
	EndGlobalSection
	GlobalSection(ProjectConfigurationPlatforms) = postSolution
		{30920B9F-3D10-4E0E-BFDE-EB8EA4B9BAD9}.Debug|Any CPU.ActiveCfg = Debug|Any CPU
		{30920B9F-3D10-4E0E-BFDE-EB8EA4B9BAD9}.Debug|Any CPU.Build.0 = Debug|Any CPU
		{30920B9F-3D10-4E0E-BFDE-EB8EA4B9BAD9}.Release|Any CPU.ActiveCfg = Release|Any CPU
		{30920B9F-3D10-4E0E-BFDE-EB8EA4B9BAD9}.Release|Any CPU.Build.0 = Release|Any CPU
		{6A59AC5A-6752-4CCC-82AE-014A160F6684}.Debug|Any CPU.ActiveCfg = Debug|Any CPU
		{6A59AC5A-6752-4CCC-82AE-014A160F6684}.Debug|Any CPU.Build.0 = Debug|Any CPU
		{6A59AC5A-6752-4CCC-82AE-014A160F6684}.Release|Any CPU.ActiveCfg = Release|Any CPU
		{6A59AC5A-6752-4CCC-82AE-014A160F6684}.Release|Any CPU.Build.0 = Release|Any CPU
	EndGlobalSection
	GlobalSection(SolutionProperties) = preSolution
		HideSolutionNode = FALSE
	EndGlobalSection
	GlobalSection(ExtensibilityGlobals) = postSolution
		SolutionGuid = {02C662F2-F042-4AF7-A5F5-06EEC186AFDE}
	EndGlobalSection
EndGlobal
